[[package]]
name = "compiler_builtins"
version = "0.1.0"
source = "git+https://github.com/rust-lang-nursery/compiler-builtins#22f76e35fa8c82f68777c5ceceed3f2a4f8f3a51"

[[package]]
name = "memchr"
version = "2.0.1"
source = "registry+https://github.com/rust-lang/crates.io-index"

[[package]]
name = "nom"
version = "4.0.0-beta1"
source = "registry+https://github.com/rust-lang/crates.io-index"
dependencies = [
 "memchr 2.0.1 (registry+https://github.com/rust-lang/crates.io-index)",
]

[[package]]
name = "projectasiago_aura"
version = "0.1.0"
dependencies = [
 "compiler_builtins 0.1.0 (git+https://github.com/rust-lang-nursery/compiler-builtins)",
 "projectasiago_feta 0.1.0",
 "projectasiago_mish 0.1.0",
 "rlibc 1.0.0 (registry+https://github.com/rust-lang/crates.io-index)",
 "uefi 0.1.2 (git+https://github.com/orumin/rust-uefi?branch=beta)",
]

[[package]]
name = "projectasiago_feta"
version = "0.1.0"

[[package]]
name = "projectasiago_mish"
version = "0.1.0"
dependencies = [
 "nom 4.0.0-beta1 (registry+https://github.com/rust-lang/crates.io-index)",
 "projectasiago_feta 0.1.0",
]

[[package]]
name = "rlibc"
version = "1.0.0"
source = "registry+https://github.com/rust-lang/crates.io-index"

[[package]]
name = "uefi"
version = "0.1.2"
source = "git+https://github.com/orumin/rust-uefi?branch=beta#660d29c674dca649f5de4d7248807154ce122465"

[metadata]
"checksum compiler_builtins 0.1.0 (git+https://github.com/rust-lang-nursery/compiler-builtins)" = "<none>"
"checksum memchr 2.0.1 (registry+https://github.com/rust-lang/crates.io-index)" = "796fba70e76612589ed2ce7f45282f5af869e0fdd7cc6199fa1aa1f1d591ba9d"
"checksum nom 4.0.0-beta1 (registry+https://github.com/rust-lang/crates.io-index)" = "781f1bc5226e9c61efe53e830cbdf6bec68d2d49581904b297bb4a4e6ce9b462"
"checksum rlibc 1.0.0 (registry+https://github.com/rust-lang/crates.io-index)" = "fc874b127765f014d792f16763a81245ab80500e2ad921ed4ee9e82481ee08fe"
"checksum uefi 0.1.2 (git+https://github.com/orumin/rust-uefi?branch=beta)" = "<none>"
